
Microsoft Visual Studio Solution File, Format Version 12.00
# Visual Studio Version 16
VisualStudioVersion = 16.0.32630.194
MinimumVisualStudioVersion = 10.0.40219.1
Project("{9A19103F-16F7-4668-BE54-9A1E7A4F7556}") = "SE256_RazorLab_AndrewDiClerico", "SE256_RazorLab_AndrewDiClerico.csproj", "{4558E477-CEEC-4C5B-9A07-A577CF971A6B}"
EndProject
Global
	GlobalSection(SolutionConfigurationPlatforms) = preSolution
		Debug|Any CPU = Debug|Any CPU
		Release|Any CPU = Release|Any CPU
	EndGlobalSection
	GlobalSection(ProjectConfigurationPlatforms) = postSolution
		{4558E477-CEEC-4C5B-9A07-A577CF971A6B}.Debug|Any CPU.ActiveCfg = Debug|Any CPU
		{4558E477-CEEC-4C5B-9A07-A577CF971A6B}.Debug|Any CPU.Build.0 = Debug|Any CPU
		{4558E477-CEEC-4C5B-9A07-A577CF971A6B}.Release|Any CPU.ActiveCfg = Release|Any CPU
		{4558E477-CEEC-4C5B-9A07-A577CF971A6B}.Release|Any CPU.Build.0 = Release|Any CPU
	EndGlobalSection
	GlobalSection(SolutionProperties) = preSolution
		HideSolutionNode = FALSE
	EndGlobalSection
	GlobalSection(ExtensibilityGlobals) = postSolution
		SolutionGuid = {707C510E-4AB7-446F-94E6-0C7DAAC495C7}
	EndGlobalSection
EndGlobal
