
Microsoft Visual Studio Solution File, Format Version 12.00
# Visual Studio Version 16
VisualStudioVersion = 16.0.32630.194
MinimumVisualStudioVersion = 10.0.40219.1
Project("{9A19103F-16F7-4668-BE54-9A1E7A4F7556}") = "SE256_RazorActivity_AndrewDiClerico", "SE256_RazorActivity_AndrewDiClerico.csproj", "{50A5710A-B1D2-4A22-A1F9-BDE989AA6336}"
EndProject
Global
	GlobalSection(SolutionConfigurationPlatforms) = preSolution
		Debug|Any CPU = Debug|Any CPU
		Release|Any CPU = Release|Any CPU
	EndGlobalSection
	GlobalSection(ProjectConfigurationPlatforms) = postSolution
		{50A5710A-B1D2-4A22-A1F9-BDE989AA6336}.Debug|Any CPU.ActiveCfg = Debug|Any CPU
		{50A5710A-B1D2-4A22-A1F9-BDE989AA6336}.Debug|Any CPU.Build.0 = Debug|Any CPU
		{50A5710A-B1D2-4A22-A1F9-BDE989AA6336}.Release|Any CPU.ActiveCfg = Release|Any CPU
		{50A5710A-B1D2-4A22-A1F9-BDE989AA6336}.Release|Any CPU.Build.0 = Release|Any CPU
	EndGlobalSection
	GlobalSection(SolutionProperties) = preSolution
		HideSolutionNode = FALSE
	EndGlobalSection
	GlobalSection(ExtensibilityGlobals) = postSolution
		SolutionGuid = {EDBEDA2D-2A5B-45F9-9885-A9FAE39EFC11}
	EndGlobalSection
EndGlobal
